// !$*UTF8*$!
{
	archiveVersion = 1;
	classes = {
	};
	objectVersion = 46;
	objects = {

/* Begin PBXBuildFile section */
		8C2801CE203C12E4001EEAA9 /* main.m in Sources */ = {isa = PBXBuildFile; fileRef = 8C2801CD203C12E4001EEAA9 /* main.m */; };
		8C2801D1203C12E4001EEAA9 /* AppDelegate.m in Sources */ = {isa = PBXBuildFile; fileRef = 8C2801D0203C12E4001EEAA9 /* AppDelegate.m */; };
		8C2801D4203C12E4001EEAA9 /* ViewController.mm in Sources */ = {isa = PBXBuildFile; fileRef = 8C2801D3203C12E4001EEAA9 /* ViewController.mm */; };
		8C2801D7203C12E4001EEAA9 /* Main.storyboard in Resources */ = {isa = PBXBuildFile; fileRef = 8C2801D5203C12E4001EEAA9 /* Main.storyboard */; };
		8C2801D9203C12E4001EEAA9 /* Assets.xcassets in Resources */ = {isa = PBXBuildFile; fileRef = 8C2801D8203C12E4001EEAA9 /* Assets.xcassets */; };
		8C2801DC203C12E4001EEAA9 /* LaunchScreen.storyboard in Resources */ = {isa = PBXBuildFile; fileRef = 8C2801DA203C12E4001EEAA9 /* LaunchScreen.storyboard */; };
		8C2801E5203C130F001EEAA9 /* tensorflow_utils.mm in Sources */ = {isa = PBXBuildFile; fileRef = 8C2801E4203C130F001EEAA9 /* tensorflow_utils.mm */; };
		8C2801EA203C141D001EEAA9 /* Accelerate.framework in Frameworks */ = {isa = PBXBuildFile; fileRef = 8C2801E9203C141D001EEAA9 /* Accelerate.framework */; };
		8C45A2D120426DB0003EB75D /* amzn_tf_frozen.pb in Resources */ = {isa = PBXBuildFile; fileRef = 8C45A2CF20426DB0003EB75D /* amzn_tf_frozen.pb */; };
		8C45A2DA20427DFD003EB75D /* amzn_keras_frozen.pb in Resources */ = {isa = PBXBuildFile; fileRef = 8C45A2D920427DFD003EB75D /* amzn_keras_frozen.pb */; };
/* End PBXBuildFile section */

/* Begin PBXFileReference section */
		8C2801C9203C12E4001EEAA9 /* StockPrice.app */ = {isa = PBXFileReference; explicitFileType = wrapper.application; includeInIndex = 0; path = StockPrice.app; sourceTree = BUILT_PRODUCTS_DIR; };
		8C2801CD203C12E4001EEAA9 /* main.m */ = {isa = PBXFileReference; lastKnownFileType = sourcecode.c.objc; path = main.m; sourceTree = "<group>"; };
		8C2801CF203C12E4001EEAA9 /* AppDelegate.h */ = {isa = PBXFileReference; lastKnownFileType = sourcecode.c.h; path = AppDelegate.h; sourceTree = "<group>"; };
		8C2801D0203C12E4001EEAA9 /* AppDelegate.m */ = {isa = PBXFileReference; lastKnownFileType = sourcecode.c.objc; path = AppDelegate.m; sourceTree = "<group>"; };
		8C2801D2203C12E4001EEAA9 /* ViewController.h */ = {isa = PBXFileReference; lastKnownFileType = sourcecode.c.h; path = ViewController.h; sourceTree = "<group>"; };
		8C2801D3203C12E4001EEAA9 /* ViewController.mm */ = {isa = PBXFileReference; lastKnownFileType = sourcecode.cpp.objcpp; path = ViewController.mm; sourceTree = "<group>"; };
		8C2801D6203C12E4001EEAA9 /* Base */ = {isa = PBXFileReference; lastKnownFileType = file.storyboard; name = Base; path = Base.lproj/Main.storyboard; sourceTree = "<group>"; };
		8C2801D8203C12E4001EEAA9 /* Assets.xcassets */ = {isa = PBXFileReference; lastKnownFileType = folder.assetcatalog; path = Assets.xcassets; sourceTree = "<group>"; };
		8C2801DB203C12E4001EEAA9 /* Base */ = {isa = PBXFileReference; lastKnownFileType = file.storyboard; name = Base; path = Base.lproj/LaunchScreen.storyboard; sourceTree = "<group>"; };
		8C2801DD203C12E4001EEAA9 /* Info.plist */ = {isa = PBXFileReference; lastKnownFileType = text.plist.xml; path = Info.plist; sourceTree = "<group>"; };
		8C2801E3203C130F001EEAA9 /* tensorflow_utils.h */ = {isa = PBXFileReference; fileEncoding = 4; lastKnownFileType = sourcecode.c.h; path = tensorflow_utils.h; sourceTree = "<group>"; };
		8C2801E4203C130F001EEAA9 /* tensorflow_utils.mm */ = {isa = PBXFileReference; fileEncoding = 4; lastKnownFileType = sourcecode.cpp.objcpp; path = tensorflow_utils.mm; sourceTree = "<group>"; };
		8C2801E9203C141D001EEAA9 /* Accelerate.framework */ = {isa = PBXFileReference; lastKnownFileType = wrapper.framework; name = Accelerate.framework; path = System/Library/Frameworks/Accelerate.framework; sourceTree = SDKROOT; };
		8C45A2CF20426DB0003EB75D /* amzn_tf_frozen.pb */ = {isa = PBXFileReference; lastKnownFileType = file; path = amzn_tf_frozen.pb; sourceTree = "<group>"; };
		8C45A2D920427DFD003EB75D /* amzn_keras_frozen.pb */ = {isa = PBXFileReference; lastKnownFileType = file; path = amzn_keras_frozen.pb; sourceTree = "<group>"; };
/* End PBXFileReference section */

/* Begin PBXFrameworksBuildPhase section */
		8C2801C6203C12E4001EEAA9 /* Frameworks */ = {
			isa = PBXFrameworksBuildPhase;
			buildActionMask = 2147483647;
			files = (
				8C2801EA203C141D001EEAA9 /* Accelerate.framework in Frameworks */,
			);
			runOnlyForDeploymentPostprocessing = 0;
		};
/* End PBXFrameworksBuildPhase section */

/* Begin PBXGroup section */
		8C2801C0203C12E4001EEAA9 = {
			isa = PBXGroup;
			children = (
				8C2801CB203C12E4001EEAA9 /* StockPrice */,
				8C2801CA203C12E4001EEAA9 /* Products */,
				8C2801E8203C141D001EEAA9 /* Frameworks */,
			);
			sourceTree = "<group>";
		};
		8C2801CA203C12E4001EEAA9 /* Products */ = {
			isa = PBXGroup;
			children = (
				8C2801C9203C12E4001EEAA9 /* StockPrice.app */,
			);
			name = Products;
			sourceTree = "<group>";
		};
		8C2801CB203C12E4001EEAA9 /* StockPrice */ = {
			isa = PBXGroup;
			children = (
				8C2801CF203C12E4001EEAA9 /* AppDelegate.h */,
				8C2801D0203C12E4001EEAA9 /* AppDelegate.m */,
				8C2801D2203C12E4001EEAA9 /* ViewController.h */,
				8C2801D3203C12E4001EEAA9 /* ViewController.mm */,
				8C2801E3203C130F001EEAA9 /* tensorflow_utils.h */,
				8C2801E4203C130F001EEAA9 /* tensorflow_utils.mm */,
				8C2801D5203C12E4001EEAA9 /* Main.storyboard */,
				8C2801D8203C12E4001EEAA9 /* Assets.xcassets */,
				8C2801DA203C12E4001EEAA9 /* LaunchScreen.storyboard */,
				8C2801DD203C12E4001EEAA9 /* Info.plist */,
				8C45A2D920427DFD003EB75D /* amzn_keras_frozen.pb */,
				8C45A2CF20426DB0003EB75D /* amzn_tf_frozen.pb */,
				8C2801CC203C12E4001EEAA9 /* Supporting Files */,
			);
			path = StockPrice;
			sourceTree = "<group>";
		};
		8C2801CC203C12E4001EEAA9 /* Supporting Files */ = {
			isa = PBXGroup;
			children = (
				8C2801CD203C12E4001EEAA9 /* main.m */,
			);
			name = "Supporting Files";
			sourceTree = "<group>";
		};
		8C2801E8203C141D001EEAA9 /* Frameworks */ = {
			isa = PBXGroup;
			children = (
				8C2801E9203C141D001EEAA9 /* Accelerate.framework */,
			);
			name = Frameworks;
			sourceTree = "<group>";
		};
/* End PBXGroup section */

/* Begin PBXNativeTarget section */
		8C2801C8203C12E4001EEAA9 /* StockPrice */ = {
			isa = PBXNativeTarget;
			buildConfigurationList = 8C2801E0203C12E4001EEAA9 /* Build configuration list for PBXNativeTarget "StockPrice" */;
			buildPhases = (
				8C2801C5203C12E4001EEAA9 /* Sources */,
				8C2801C6203C12E4001EEAA9 /* Frameworks */,
				8C2801C7203C12E4001EEAA9 /* Resources */,
			);
			buildRules = (
			);
			dependencies = (
			);
			name = StockPrice;
			productName = StockPrice;
			productReference = 8C2801C9203C12E4001EEAA9 /* StockPrice.app */;
			productType = "com.apple.product-type.application";
		};
/* End PBXNativeTarget section */

/* Begin PBXProject section */
		8C2801C1203C12E4001EEAA9 /* Project object */ = {
			isa = PBXProject;
			attributes = {
				LastUpgradeCheck = 0820;
				ORGANIZATIONNAME = "Jeff Tang";
				TargetAttributes = {
					8C2801C8203C12E4001EEAA9 = {
						CreatedOnToolsVersion = 8.2.1;
						DevelopmentTeam = V568RNX5Q4;
						ProvisioningStyle = Automatic;
					};
				};
			};
			buildConfigurationList = 8C2801C4203C12E4001EEAA9 /* Build configuration list for PBXProject "StockPrice" */;
			compatibilityVersion = "Xcode 3.2";
			developmentRegion = English;
			hasScannedForEncodings = 0;
			knownRegions = (
				en,
				Base,
			);
			mainGroup = 8C2801C0203C12E4001EEAA9;
			productRefGroup = 8C2801CA203C12E4001EEAA9 /* Products */;
			projectDirPath = "";
			projectRoot = "";
			targets = (
				8C2801C8203C12E4001EEAA9 /* StockPrice */,
			);
		};
/* End PBXProject section */

/* Begin PBXResourcesBuildPhase section */
		8C2801C7203C12E4001EEAA9 /* Resources */ = {
			isa = PBXResourcesBuildPhase;
			buildActionMask = 2147483647;
			files = (
				8C2801DC203C12E4001EEAA9 /* LaunchScreen.storyboard in Resources */,
				8C2801D9203C12E4001EEAA9 /* Assets.xcassets in Resources */,
				8C45A2DA20427DFD003EB75D /* amzn_keras_frozen.pb in Resources */,
				8C2801D7203C12E4001EEAA9 /* Main.storyboard in Resources */,
				8C45A2D120426DB0003EB75D /* amzn_tf_frozen.pb in Resources */,
			);
			runOnlyForDeploymentPostprocessing = 0;
		};
/* End PBXResourcesBuildPhase section */

/* Begin PBXSourcesBuildPhase section */
		8C2801C5203C12E4001EEAA9 /* Sources */ = {
			isa = PBXSourcesBuildPhase;
			buildActionMask = 2147483647;
			files = (
				8C2801D4203C12E4001EEAA9 /* ViewController.mm in Sources */,
				8C2801D1203C12E4001EEAA9 /* AppDelegate.m in Sources */,
				8C2801E5203C130F001EEAA9 /* tensorflow_utils.mm in Sources */,
				8C2801CE203C12E4001EEAA9 /* main.m in Sources */,
			);
			runOnlyForDeploymentPostprocessing = 0;
		};
/* End PBXSourcesBuildPhase section */

/* Begin PBXVariantGroup section */
		8C2801D5203C12E4001EEAA9 /* Main.storyboard */ = {
			isa = PBXVariantGroup;
			children = (
				8C2801D6203C12E4001EEAA9 /* Base */,
			);
			name = Main.storyboard;
			sourceTree = "<group>";
		};
		8C2801DA203C12E4001EEAA9 /* LaunchScreen.storyboard */ = {
			isa = PBXVariantGroup;
			children = (
				8C2801DB203C12E4001EEAA9 /* Base */,
			);
			name = LaunchScreen.storyboard;
			sourceTree = "<group>";
		};
/* End PBXVariantGroup section */

/* Begin XCBuildConfiguration section */
		8C2801DE203C12E4001EEAA9 /* Debug */ = {
			isa = XCBuildConfiguration;
			buildSettings = {
				ALWAYS_SEARCH_USER_PATHS = NO;
				CLANG_ANALYZER_NONNULL = YES;
				CLANG_CXX_LANGUAGE_STANDARD = "gnu++0x";
				CLANG_CXX_LIBRARY = "libc++";
				CLANG_ENABLE_MODULES = YES;
				CLANG_ENABLE_OBJC_ARC = YES;
				CLANG_WARN_BOOL_CONVERSION = YES;
				CLANG_WARN_CONSTANT_CONVERSION = YES;
				CLANG_WARN_DIRECT_OBJC_ISA_USAGE = YES_ERROR;
				CLANG_WARN_DOCUMENTATION_COMMENTS = YES;
				CLANG_WARN_EMPTY_BODY = YES;
				CLANG_WARN_ENUM_CONVERSION = YES;
				CLANG_WARN_INFINITE_RECURSION = YES;
				CLANG_WARN_INT_CONVERSION = YES;
				CLANG_WARN_OBJC_ROOT_CLASS = YES_ERROR;
				CLANG_WARN_SUSPICIOUS_MOVE = YES;
				CLANG_WARN_UNREACHABLE_CODE = YES;
				CLANG_WARN__DUPLICATE_METHOD_MATCH = YES;
				"CODE_SIGN_IDENTITY[sdk=iphoneos*]" = "iPhone Developer";
				COPY_PHASE_STRIP = NO;
				DEBUG_INFORMATION_FORMAT = dwarf;
				ENABLE_STRICT_OBJC_MSGSEND = YES;
				ENABLE_TESTABILITY = YES;
				GCC_C_LANGUAGE_STANDARD = gnu99;
				GCC_DYNAMIC_NO_PIC = NO;
				GCC_NO_COMMON_BLOCKS = YES;
				GCC_OPTIMIZATION_LEVEL = 0;
				GCC_PREPROCESSOR_DEFINITIONS = (
					"DEBUG=1",
					"$(inherited)",
				);
				GCC_WARN_64_TO_32_BIT_CONVERSION = YES;
				GCC_WARN_ABOUT_RETURN_TYPE = YES_ERROR;
				GCC_WARN_UNDECLARED_SELECTOR = YES;
				GCC_WARN_UNINITIALIZED_AUTOS = YES_AGGRESSIVE;
				GCC_WARN_UNUSED_FUNCTION = YES;
				GCC_WARN_UNUSED_VARIABLE = YES;
				IPHONEOS_DEPLOYMENT_TARGET = 10.2;
				MTL_ENABLE_DEBUG_INFO = YES;
				ONLY_ACTIVE_ARCH = YES;
				SDKROOT = iphoneos;
				TENSORFLOW_ROOT = "$HOME/tensorflow-1.8.0";
			};
			name = Debug;
		};
		8C2801DF203C12E4001EEAA9 /* Release */ = {
			isa = XCBuildConfiguration;
			buildSettings = {
				ALWAYS_SEARCH_USER_PATHS = NO;
				CLANG_ANALYZER_NONNULL = YES;
				CLANG_CXX_LANGUAGE_STANDARD = "gnu++0x";
				CLANG_CXX_LIBRARY = "libc++";
				CLANG_ENABLE_MODULES = YES;
				CLANG_ENABLE_OBJC_ARC = YES;
				CLANG_WARN_BOOL_CONVERSION = YES;
				CLANG_WARN_CONSTANT_CONVERSION = YES;
				CLANG_WARN_DIRECT_OBJC_ISA_USAGE = YES_ERROR;
				CLANG_WARN_DOCUMENTATION_COMMENTS = YES;
				CLANG_WARN_EMPTY_BODY = YES;
				CLANG_WARN_ENUM_CONVERSION = YES;
				CLANG_WARN_INFINITE_RECURSION = YES;
				CLANG_WARN_INT_CONVERSION = YES;
				CLANG_WARN_OBJC_ROOT_CLASS = YES_ERROR;
				CLANG_WARN_SUSPICIOUS_MOVE = YES;
				CLANG_WARN_UNREACHABLE_CODE = YES;
				CLANG_WARN__DUPLICATE_METHOD_MATCH = YES;
				"CODE_SIGN_IDENTITY[sdk=iphoneos*]" = "iPhone Developer";
				COPY_PHASE_STRIP = NO;
				DEBUG_INFORMATION_FORMAT = "dwarf-with-dsym";
				ENABLE_NS_ASSERTIONS = NO;
				ENABLE_STRICT_OBJC_MSGSEND = YES;
				GCC_C_LANGUAGE_STANDARD = gnu99;
				GCC_NO_COMMON_BLOCKS = YES;
				GCC_WARN_64_TO_32_BIT_CONVERSION = YES;
				GCC_WARN_ABOUT_RETURN_TYPE = YES_ERROR;
				GCC_WARN_UNDECLARED_SELECTOR = YES;
				GCC_WARN_UNINITIALIZED_AUTOS = YES_AGGRESSIVE;
				GCC_WARN_UNUSED_FUNCTION = YES;
				GCC_WARN_UNUSED_VARIABLE = YES;
				IPHONEOS_DEPLOYMENT_TARGET = 10.2;
				MTL_ENABLE_DEBUG_INFO = NO;
				SDKROOT = iphoneos;
				TENSORFLOW_ROOT = "$HOME/tensorflow-1.8.0";
				VALIDATE_PRODUCT = YES;
			};
			name = Release;
		};
		8C2801E1203C12E4001EEAA9 /* Debug */ = {
			isa = XCBuildConfiguration;
			buildSettings = {
				ASSETCATALOG_COMPILER_APPICON_NAME = AppIcon;
				DEVELOPMENT_TEAM = V568RNX5Q4;
				HEADER_SEARCH_PATHS = (
					"$(TENSORFLOW_ROOT)",
					"$(TENSORFLOW_ROOT)/tensorflow/contrib/makefile/downloads/protobuf/src",
					"$(TENSORFLOW_ROOT)/tensorflow/contrib/makefile/downloads",
					"$(TENSORFLOW_ROOT)/tensorflow/contrib/makefile/downloads/eigen",
					"$(TENSORFLOW_ROOT)/tensorflow/contrib/makefile/gen/proto",
				);
				INFOPLIST_FILE = StockPrice/Info.plist;
				LD_RUNPATH_SEARCH_PATHS = "$(inherited) @executable_path/Frameworks";
				OTHER_LDFLAGS = (
					"-force_load",
					"$(TENSORFLOW_ROOT)/tensorflow/contrib/makefile/gen/lib/libtensorflow-core.a",
					"$(TENSORFLOW_ROOT)/tensorflow/contrib/makefile/gen/protobuf_ios/lib/libprotobuf.a",
					"$(TENSORFLOW_ROOT)/tensorflow/contrib/makefile/gen/protobuf_ios/lib/libprotobuf-lite.a",
					"$(TENSORFLOW_ROOT)/tensorflow/contrib/makefile/downloads/nsync/builds/lipo.ios.c++11/nsync.a",
				);
				PRODUCT_BUNDLE_IDENTIFIER = com.ailabby.StockPrice;
				PRODUCT_NAME = "$(TARGET_NAME)";
			};
			name = Debug;
		};
		8C2801E2203C12E4001EEAA9 /* Release */ = {
			isa = XCBuildConfiguration;
			buildSettings = {
				ASSETCATALOG_COMPILER_APPICON_NAME = AppIcon;
				DEVELOPMENT_TEAM = V568RNX5Q4;
				HEADER_SEARCH_PATHS = (
					"$(TENSORFLOW_ROOT)",
					"$(TENSORFLOW_ROOT)/tensorflow/contrib/makefile/downloads/protobuf/src",
					"$(TENSORFLOW_ROOT)/tensorflow/contrib/makefile/downloads",
					"$(TENSORFLOW_ROOT)/tensorflow/contrib/makefile/downloads/eigen",
					"$(TENSORFLOW_ROOT)/tensorflow/contrib/makefile/gen/proto",
				);
				INFOPLIST_FILE = StockPrice/Info.plist;
				LD_RUNPATH_SEARCH_PATHS = "$(inherited) @executable_path/Frameworks";
				OTHER_LDFLAGS = (
					"-force_load",
					"$(TENSORFLOW_ROOT)/tensorflow/contrib/makefile/gen/lib/libtensorflow-core.a",
					"$(TENSORFLOW_ROOT)/tensorflow/contrib/makefile/gen/protobuf_ios/lib/libprotobuf.a",
					"$(TENSORFLOW_ROOT)/tensorflow/contrib/makefile/gen/protobuf_ios/lib/libprotobuf-lite.a",
					"$(TENSORFLOW_ROOT)/tensorflow/contrib/makefile/downloads/nsync/builds/lipo.ios.c++11/nsync.a",
				);
				PRODUCT_BUNDLE_IDENTIFIER = com.ailabby.StockPrice;
				PRODUCT_NAME = "$(TARGET_NAME)";
			};
			name = Release;
		};
/* End XCBuildConfiguration section */

/* Begin XCConfigurationList section */
		8C2801C4203C12E4001EEAA9 /* Build configuration list for PBXProject "StockPrice" */ = {
			isa = XCConfigurationList;
			buildConfigurations = (
				8C2801DE203C12E4001EEAA9 /* Debug */,
				8C2801DF203C12E4001EEAA9 /* Release */,
			);
			defaultConfigurationIsVisible = 0;
			defaultConfigurationName = Release;
		};
		8C2801E0203C12E4001EEAA9 /* Build configuration list for PBXNativeTarget "StockPrice" */ = {
			isa = XCConfigurationList;
			buildConfigurations = (
				8C2801E1203C12E4001EEAA9 /* Debug */,
				8C2801E2203C12E4001EEAA9 /* Release */,
			);
			defaultConfigurationIsVisible = 0;
			defaultConfigurationName = Release;
		};
/* End XCConfigurationList section */
	};
	rootObject = 8C2801C1203C12E4001EEAA9 /* Project object */;
}
