// !$*UTF8*$!
{
	archiveVersion = 1;
	classes = {
	};
	objectVersion = 48;
	objects = {

/* Begin PBXBuildFile section */
		78AC1B12205E319600CE7C1D /* AppDelegate.swift in Sources */ = {isa = PBXBuildFile; fileRef = 78AC1B11205E319600CE7C1D /* AppDelegate.swift */; };
		78AC1B14205E319600CE7C1D /* ViewController.swift in Sources */ = {isa = PBXBuildFile; fileRef = 78AC1B13205E319600CE7C1D /* ViewController.swift */; };
		78AC1B17205E319600CE7C1D /* Main.storyboard in Resources */ = {isa = PBXBuildFile; fileRef = 78AC1B15205E319600CE7C1D /* Main.storyboard */; };
		78AC1B19205E319600CE7C1D /* Assets.xcassets in Resources */ = {isa = PBXBuildFile; fileRef = 78AC1B18205E319600CE7C1D /* Assets.xcassets */; };
		78AC1B1C205E319600CE7C1D /* LaunchScreen.storyboard in Resources */ = {isa = PBXBuildFile; fileRef = 78AC1B1A205E319600CE7C1D /* LaunchScreen.storyboard */; };
		78AC1B25205E322D00CE7C1D /* HouseLR.mlmodel in Sources */ = {isa = PBXBuildFile; fileRef = 78AC1B23205E322C00CE7C1D /* HouseLR.mlmodel */; };
		78AC1B26205E322D00CE7C1D /* HouseSVM.mlmodel in Sources */ = {isa = PBXBuildFile; fileRef = 78AC1B24205E322D00CE7C1D /* HouseSVM.mlmodel */; };
/* End PBXBuildFile section */

/* Begin PBXFileReference section */
		78AC1B0E205E319600CE7C1D /* HousePrice.app */ = {isa = PBXFileReference; explicitFileType = wrapper.application; includeInIndex = 0; path = HousePrice.app; sourceTree = BUILT_PRODUCTS_DIR; };
		78AC1B11205E319600CE7C1D /* AppDelegate.swift */ = {isa = PBXFileReference; lastKnownFileType = sourcecode.swift; path = AppDelegate.swift; sourceTree = "<group>"; };
		78AC1B13205E319600CE7C1D /* ViewController.swift */ = {isa = PBXFileReference; lastKnownFileType = sourcecode.swift; path = ViewController.swift; sourceTree = "<group>"; };
		78AC1B16205E319600CE7C1D /* Base */ = {isa = PBXFileReference; lastKnownFileType = file.storyboard; name = Base; path = Base.lproj/Main.storyboard; sourceTree = "<group>"; };
		78AC1B18205E319600CE7C1D /* Assets.xcassets */ = {isa = PBXFileReference; lastKnownFileType = folder.assetcatalog; path = Assets.xcassets; sourceTree = "<group>"; };
		78AC1B1B205E319600CE7C1D /* Base */ = {isa = PBXFileReference; lastKnownFileType = file.storyboard; name = Base; path = Base.lproj/LaunchScreen.storyboard; sourceTree = "<group>"; };
		78AC1B1D205E319600CE7C1D /* Info.plist */ = {isa = PBXFileReference; lastKnownFileType = text.plist.xml; path = Info.plist; sourceTree = "<group>"; };
		78AC1B23205E322C00CE7C1D /* HouseLR.mlmodel */ = {isa = PBXFileReference; lastKnownFileType = file.mlmodel; path = HouseLR.mlmodel; sourceTree = "<group>"; };
		78AC1B24205E322D00CE7C1D /* HouseSVM.mlmodel */ = {isa = PBXFileReference; lastKnownFileType = file.mlmodel; path = HouseSVM.mlmodel; sourceTree = "<group>"; };
/* End PBXFileReference section */

/* Begin PBXFrameworksBuildPhase section */
		78AC1B0B205E319600CE7C1D /* Frameworks */ = {
			isa = PBXFrameworksBuildPhase;
			buildActionMask = 2147483647;
			files = (
			);
			runOnlyForDeploymentPostprocessing = 0;
		};
/* End PBXFrameworksBuildPhase section */

/* Begin PBXGroup section */
		78AC1B05205E319600CE7C1D = {
			isa = PBXGroup;
			children = (
				78AC1B10205E319600CE7C1D /* HousePrice */,
				78AC1B0F205E319600CE7C1D /* Products */,
			);
			sourceTree = "<group>";
		};
		78AC1B0F205E319600CE7C1D /* Products */ = {
			isa = PBXGroup;
			children = (
				78AC1B0E205E319600CE7C1D /* HousePrice.app */,
			);
			name = Products;
			sourceTree = "<group>";
		};
		78AC1B10205E319600CE7C1D /* HousePrice */ = {
			isa = PBXGroup;
			children = (
				78AC1B11205E319600CE7C1D /* AppDelegate.swift */,
				78AC1B13205E319600CE7C1D /* ViewController.swift */,
				78AC1B15205E319600CE7C1D /* Main.storyboard */,
				78AC1B18205E319600CE7C1D /* Assets.xcassets */,
				78AC1B23205E322C00CE7C1D /* HouseLR.mlmodel */,
				78AC1B24205E322D00CE7C1D /* HouseSVM.mlmodel */,
				78AC1B1A205E319600CE7C1D /* LaunchScreen.storyboard */,
				78AC1B1D205E319600CE7C1D /* Info.plist */,
			);
			path = HousePrice;
			sourceTree = "<group>";
		};
/* End PBXGroup section */

/* Begin PBXNativeTarget section */
		78AC1B0D205E319600CE7C1D /* HousePrice */ = {
			isa = PBXNativeTarget;
			buildConfigurationList = 78AC1B20205E319600CE7C1D /* Build configuration list for PBXNativeTarget "HousePrice" */;
			buildPhases = (
				78AC1B0A205E319600CE7C1D /* Sources */,
				78AC1B0B205E319600CE7C1D /* Frameworks */,
				78AC1B0C205E319600CE7C1D /* Resources */,
			);
			buildRules = (
			);
			dependencies = (
			);
			name = HousePrice;
			productName = HousePrice;
			productReference = 78AC1B0E205E319600CE7C1D /* HousePrice.app */;
			productType = "com.apple.product-type.application";
		};
/* End PBXNativeTarget section */

/* Begin PBXProject section */
		78AC1B06205E319600CE7C1D /* Project object */ = {
			isa = PBXProject;
			attributes = {
				LastSwiftUpdateCheck = 0920;
				LastUpgradeCheck = 0920;
				ORGANIZATIONNAME = "Jeff Tang";
				TargetAttributes = {
					78AC1B0D205E319600CE7C1D = {
						CreatedOnToolsVersion = 9.2;
						ProvisioningStyle = Automatic;
					};
				};
			};
			buildConfigurationList = 78AC1B09205E319600CE7C1D /* Build configuration list for PBXProject "HousePrice" */;
			compatibilityVersion = "Xcode 8.0";
			developmentRegion = en;
			hasScannedForEncodings = 0;
			knownRegions = (
				en,
				Base,
			);
			mainGroup = 78AC1B05205E319600CE7C1D;
			productRefGroup = 78AC1B0F205E319600CE7C1D /* Products */;
			projectDirPath = "";
			projectRoot = "";
			targets = (
				78AC1B0D205E319600CE7C1D /* HousePrice */,
			);
		};
/* End PBXProject section */

/* Begin PBXResourcesBuildPhase section */
		78AC1B0C205E319600CE7C1D /* Resources */ = {
			isa = PBXResourcesBuildPhase;
			buildActionMask = 2147483647;
			files = (
				78AC1B1C205E319600CE7C1D /* LaunchScreen.storyboard in Resources */,
				78AC1B19205E319600CE7C1D /* Assets.xcassets in Resources */,
				78AC1B17205E319600CE7C1D /* Main.storyboard in Resources */,
			);
			runOnlyForDeploymentPostprocessing = 0;
		};
/* End PBXResourcesBuildPhase section */

/* Begin PBXSourcesBuildPhase section */
		78AC1B0A205E319600CE7C1D /* Sources */ = {
			isa = PBXSourcesBuildPhase;
			buildActionMask = 2147483647;
			files = (
				78AC1B14205E319600CE7C1D /* ViewController.swift in Sources */,
				78AC1B25205E322D00CE7C1D /* HouseLR.mlmodel in Sources */,
				78AC1B26205E322D00CE7C1D /* HouseSVM.mlmodel in Sources */,
				78AC1B12205E319600CE7C1D /* AppDelegate.swift in Sources */,
			);
			runOnlyForDeploymentPostprocessing = 0;
		};
/* End PBXSourcesBuildPhase section */

/* Begin PBXVariantGroup section */
		78AC1B15205E319600CE7C1D /* Main.storyboard */ = {
			isa = PBXVariantGroup;
			children = (
				78AC1B16205E319600CE7C1D /* Base */,
			);
			name = Main.storyboard;
			sourceTree = "<group>";
		};
		78AC1B1A205E319600CE7C1D /* LaunchScreen.storyboard */ = {
			isa = PBXVariantGroup;
			children = (
				78AC1B1B205E319600CE7C1D /* Base */,
			);
			name = LaunchScreen.storyboard;
			sourceTree = "<group>";
		};
/* End PBXVariantGroup section */

/* Begin XCBuildConfiguration section */
		78AC1B1E205E319600CE7C1D /* Debug */ = {
			isa = XCBuildConfiguration;
			buildSettings = {
				ALWAYS_SEARCH_USER_PATHS = NO;
				CLANG_ANALYZER_NONNULL = YES;
				CLANG_ANALYZER_NUMBER_OBJECT_CONVERSION = YES_AGGRESSIVE;
				CLANG_CXX_LANGUAGE_STANDARD = "gnu++14";
				CLANG_CXX_LIBRARY = "libc++";
				CLANG_ENABLE_MODULES = YES;
				CLANG_ENABLE_OBJC_ARC = YES;
				CLANG_WARN_BLOCK_CAPTURE_AUTORELEASING = YES;
				CLANG_WARN_BOOL_CONVERSION = YES;
				CLANG_WARN_COMMA = YES;
				CLANG_WARN_CONSTANT_CONVERSION = YES;
				CLANG_WARN_DIRECT_OBJC_ISA_USAGE = YES_ERROR;
				CLANG_WARN_DOCUMENTATION_COMMENTS = YES;
				CLANG_WARN_EMPTY_BODY = YES;
				CLANG_WARN_ENUM_CONVERSION = YES;
				CLANG_WARN_INFINITE_RECURSION = YES;
				CLANG_WARN_INT_CONVERSION = YES;
				CLANG_WARN_NON_LITERAL_NULL_CONVERSION = YES;
				CLANG_WARN_OBJC_LITERAL_CONVERSION = YES;
				CLANG_WARN_OBJC_ROOT_CLASS = YES_ERROR;
				CLANG_WARN_RANGE_LOOP_ANALYSIS = YES;
				CLANG_WARN_STRICT_PROTOTYPES = YES;
				CLANG_WARN_SUSPICIOUS_MOVE = YES;
				CLANG_WARN_UNGUARDED_AVAILABILITY = YES_AGGRESSIVE;
				CLANG_WARN_UNREACHABLE_CODE = YES;
				CLANG_WARN__DUPLICATE_METHOD_MATCH = YES;
				CODE_SIGN_IDENTITY = "iPhone Developer";
				COPY_PHASE_STRIP = NO;
				DEBUG_INFORMATION_FORMAT = dwarf;
				ENABLE_STRICT_OBJC_MSGSEND = YES;
				ENABLE_TESTABILITY = YES;
				GCC_C_LANGUAGE_STANDARD = gnu11;
				GCC_DYNAMIC_NO_PIC = NO;
				GCC_NO_COMMON_BLOCKS = YES;
				GCC_OPTIMIZATION_LEVEL = 0;
				GCC_PREPROCESSOR_DEFINITIONS = (
					"DEBUG=1",
					"$(inherited)",
				);
				GCC_WARN_64_TO_32_BIT_CONVERSION = YES;
				GCC_WARN_ABOUT_RETURN_TYPE = YES_ERROR;
				GCC_WARN_UNDECLARED_SELECTOR = YES;
				GCC_WARN_UNINITIALIZED_AUTOS = YES_AGGRESSIVE;
				GCC_WARN_UNUSED_FUNCTION = YES;
				GCC_WARN_UNUSED_VARIABLE = YES;
				IPHONEOS_DEPLOYMENT_TARGET = 11.2;
				MTL_ENABLE_DEBUG_INFO = YES;
				ONLY_ACTIVE_ARCH = YES;
				SDKROOT = iphoneos;
				SWIFT_ACTIVE_COMPILATION_CONDITIONS = DEBUG;
				SWIFT_OPTIMIZATION_LEVEL = "-Onone";
			};
			name = Debug;
		};
		78AC1B1F205E319600CE7C1D /* Release */ = {
			isa = XCBuildConfiguration;
			buildSettings = {
				ALWAYS_SEARCH_USER_PATHS = NO;
				CLANG_ANALYZER_NONNULL = YES;
				CLANG_ANALYZER_NUMBER_OBJECT_CONVERSION = YES_AGGRESSIVE;
				CLANG_CXX_LANGUAGE_STANDARD = "gnu++14";
				CLANG_CXX_LIBRARY = "libc++";
				CLANG_ENABLE_MODULES = YES;
				CLANG_ENABLE_OBJC_ARC = YES;
				CLANG_WARN_BLOCK_CAPTURE_AUTORELEASING = YES;
				CLANG_WARN_BOOL_CONVERSION = YES;
				CLANG_WARN_COMMA = YES;
				CLANG_WARN_CONSTANT_CONVERSION = YES;
				CLANG_WARN_DIRECT_OBJC_ISA_USAGE = YES_ERROR;
				CLANG_WARN_DOCUMENTATION_COMMENTS = YES;
				CLANG_WARN_EMPTY_BODY = YES;
				CLANG_WARN_ENUM_CONVERSION = YES;
				CLANG_WARN_INFINITE_RECURSION = YES;
				CLANG_WARN_INT_CONVERSION = YES;
				CLANG_WARN_NON_LITERAL_NULL_CONVERSION = YES;
				CLANG_WARN_OBJC_LITERAL_CONVERSION = YES;
				CLANG_WARN_OBJC_ROOT_CLASS = YES_ERROR;
				CLANG_WARN_RANGE_LOOP_ANALYSIS = YES;
				CLANG_WARN_STRICT_PROTOTYPES = YES;
				CLANG_WARN_SUSPICIOUS_MOVE = YES;
				CLANG_WARN_UNGUARDED_AVAILABILITY = YES_AGGRESSIVE;
				CLANG_WARN_UNREACHABLE_CODE = YES;
				CLANG_WARN__DUPLICATE_METHOD_MATCH = YES;
				CODE_SIGN_IDENTITY = "iPhone Developer";
				COPY_PHASE_STRIP = NO;
				DEBUG_INFORMATION_FORMAT = "dwarf-with-dsym";
				ENABLE_NS_ASSERTIONS = NO;
				ENABLE_STRICT_OBJC_MSGSEND = YES;
				GCC_C_LANGUAGE_STANDARD = gnu11;
				GCC_NO_COMMON_BLOCKS = YES;
				GCC_WARN_64_TO_32_BIT_CONVERSION = YES;
				GCC_WARN_ABOUT_RETURN_TYPE = YES_ERROR;
				GCC_WARN_UNDECLARED_SELECTOR = YES;
				GCC_WARN_UNINITIALIZED_AUTOS = YES_AGGRESSIVE;
				GCC_WARN_UNUSED_FUNCTION = YES;
				GCC_WARN_UNUSED_VARIABLE = YES;
				IPHONEOS_DEPLOYMENT_TARGET = 11.2;
				MTL_ENABLE_DEBUG_INFO = NO;
				SDKROOT = iphoneos;
				SWIFT_OPTIMIZATION_LEVEL = "-Owholemodule";
				VALIDATE_PRODUCT = YES;
			};
			name = Release;
		};
		78AC1B21205E319600CE7C1D /* Debug */ = {
			isa = XCBuildConfiguration;
			buildSettings = {
				ASSETCATALOG_COMPILER_APPICON_NAME = AppIcon;
				CODE_SIGN_STYLE = Automatic;
				DEVELOPMENT_TEAM = V568RNX5Q4;
				INFOPLIST_FILE = HousePrice/Info.plist;
				LD_RUNPATH_SEARCH_PATHS = "$(inherited) @executable_path/Frameworks";
				PRODUCT_BUNDLE_IDENTIFIER = ailabby.HousePrice;
				PRODUCT_NAME = "$(TARGET_NAME)";
				SWIFT_VERSION = 4.0;
				TARGETED_DEVICE_FAMILY = "1,2";
			};
			name = Debug;
		};
		78AC1B22205E319600CE7C1D /* Release */ = {
			isa = XCBuildConfiguration;
			buildSettings = {
				ASSETCATALOG_COMPILER_APPICON_NAME = AppIcon;
				CODE_SIGN_STYLE = Automatic;
				DEVELOPMENT_TEAM = V568RNX5Q4;
				INFOPLIST_FILE = HousePrice/Info.plist;
				LD_RUNPATH_SEARCH_PATHS = "$(inherited) @executable_path/Frameworks";
				PRODUCT_BUNDLE_IDENTIFIER = ailabby.HousePrice;
				PRODUCT_NAME = "$(TARGET_NAME)";
				SWIFT_VERSION = 4.0;
				TARGETED_DEVICE_FAMILY = "1,2";
			};
			name = Release;
		};
/* End XCBuildConfiguration section */

/* Begin XCConfigurationList section */
		78AC1B09205E319600CE7C1D /* Build configuration list for PBXProject "HousePrice" */ = {
			isa = XCConfigurationList;
			buildConfigurations = (
				78AC1B1E205E319600CE7C1D /* Debug */,
				78AC1B1F205E319600CE7C1D /* Release */,
			);
			defaultConfigurationIsVisible = 0;
			defaultConfigurationName = Release;
		};
		78AC1B20205E319600CE7C1D /* Build configuration list for PBXNativeTarget "HousePrice" */ = {
			isa = XCConfigurationList;
			buildConfigurations = (
				78AC1B21205E319600CE7C1D /* Debug */,
				78AC1B22205E319600CE7C1D /* Release */,
			);
			defaultConfigurationIsVisible = 0;
			defaultConfigurationName = Release;
		};
/* End XCConfigurationList section */
	};
	rootObject = 78AC1B06205E319600CE7C1D /* Project object */;
}
